// !$*UTF8*$!
{
	archiveVersion = 1;
	classes = {
	};
	objectVersion = 48;
	objects = {

/* Begin PBXBuildFile section */
		5836958C1FE5B37300E2383A /* AppDelegate.swift in Sources */ = {isa = PBXBuildFile; fileRef = 5836958B1FE5B37300E2383A /* AppDelegate.swift */; };
		5836958E1FE5B37400E2383A /* ViewController.swift in Sources */ = {isa = PBXBuildFile; fileRef = 5836958D1FE5B37400E2383A /* ViewController.swift */; };
		583695911FE5B37400E2383A /* Main.storyboard in Resources */ = {isa = PBXBuildFile; fileRef = 5836958F1FE5B37400E2383A /* Main.storyboard */; };
		583695931FE5B37400E2383A /* Assets.xcassets in Resources */ = {isa = PBXBuildFile; fileRef = 583695921FE5B37400E2383A /* Assets.xcassets */; };
		583695961FE5B37400E2383A /* LaunchScreen.storyboard in Resources */ = {isa = PBXBuildFile; fileRef = 583695941FE5B37400E2383A /* LaunchScreen.storyboard */; };
		583695A11FE5B37400E2383A /* NewProjectTests.swift in Sources */ = {isa = PBXBuildFile; fileRef = 583695A01FE5B37400E2383A /* NewProjectTests.swift */; };
		583695AC1FE5B37400E2383A /* NewProjectUITests.swift in Sources */ = {isa = PBXBuildFile; fileRef = 583695AB1FE5B37400E2383A /* NewProjectUITests.swift */; };
/* End PBXBuildFile section */

/* Begin PBXContainerItemProxy section */
		5836959D1FE5B37400E2383A /* PBXContainerItemProxy */ = {
			isa = PBXContainerItemProxy;
			containerPortal = 583695801FE5B37300E2383A /* Project object */;
			proxyType = 1;
			remoteGlobalIDString = 583695871FE5B37300E2383A;
			remoteInfo = NewProject;
		};
		583695A81FE5B37400E2383A /* PBXContainerItemProxy */ = {
			isa = PBXContainerItemProxy;
			containerPortal = 583695801FE5B37300E2383A /* Project object */;
			proxyType = 1;
			remoteGlobalIDString = 583695871FE5B37300E2383A;
			remoteInfo = NewProject;
		};
/* End PBXContainerItemProxy section */

/* Begin PBXFileReference section */
		583695881FE5B37300E2383A /* NewProject.app */ = {isa = PBXFileReference; explicitFileType = wrapper.application; includeInIndex = 0; path = NewProject.app; sourceTree = BUILT_PRODUCTS_DIR; };
		5836958B1FE5B37300E2383A /* AppDelegate.swift */ = {isa = PBXFileReference; lastKnownFileType = sourcecode.swift; path = AppDelegate.swift; sourceTree = "<group>"; };
		5836958D1FE5B37400E2383A /* ViewController.swift */ = {isa = PBXFileReference; lastKnownFileType = sourcecode.swift; path = ViewController.swift; sourceTree = "<group>"; };
		583695901FE5B37400E2383A /* Base */ = {isa = PBXFileReference; lastKnownFileType = file.storyboard; name = Base; path = Base.lproj/Main.storyboard; sourceTree = "<group>"; };
		583695921FE5B37400E2383A /* Assets.xcassets */ = {isa = PBXFileReference; lastKnownFileType = folder.assetcatalog; path = Assets.xcassets; sourceTree = "<group>"; };
		583695951FE5B37400E2383A /* Base */ = {isa = PBXFileReference; lastKnownFileType = file.storyboard; name = Base; path = Base.lproj/LaunchScreen.storyboard; sourceTree = "<group>"; };
		583695971FE5B37400E2383A /* Info.plist */ = {isa = PBXFileReference; lastKnownFileType = text.plist.xml; path = Info.plist; sourceTree = "<group>"; };
		5836959C1FE5B37400E2383A /* NewProjectTests.xctest */ = {isa = PBXFileReference; explicitFileType = wrapper.cfbundle; includeInIndex = 0; path = NewProjectTests.xctest; sourceTree = BUILT_PRODUCTS_DIR; };
		583695A01FE5B37400E2383A /* NewProjectTests.swift */ = {isa = PBXFileReference; lastKnownFileType = sourcecode.swift; path = NewProjectTests.swift; sourceTree = "<group>"; };
		583695A21FE5B37400E2383A /* Info.plist */ = {isa = PBXFileReference; lastKnownFileType = text.plist.xml; path = Info.plist; sourceTree = "<group>"; };
		583695A71FE5B37400E2383A /* NewProjectUITests.xctest */ = {isa = PBXFileReference; explicitFileType = wrapper.cfbundle; includeInIndex = 0; path = NewProjectUITests.xctest; sourceTree = BUILT_PRODUCTS_DIR; };
		583695AB1FE5B37400E2383A /* NewProjectUITests.swift */ = {isa = PBXFileReference; lastKnownFileType = sourcecode.swift; path = NewProjectUITests.swift; sourceTree = "<group>"; };
		583695AD1FE5B37400E2383A /* Info.plist */ = {isa = PBXFileReference; lastKnownFileType = text.plist.xml; path = Info.plist; sourceTree = "<group>"; };
/* End PBXFileReference section */

/* Begin PBXFrameworksBuildPhase section */
		583695851FE5B37300E2383A /* Frameworks */ = {
			isa = PBXFrameworksBuildPhase;
			buildActionMask = 2147483647;
			files = (
			);
			runOnlyForDeploymentPostprocessing = 0;
		};
		583695991FE5B37400E2383A /* Frameworks */ = {
			isa = PBXFrameworksBuildPhase;
			buildActionMask = 2147483647;
			files = (
			);
			runOnlyForDeploymentPostprocessing = 0;
		};
		583695A41FE5B37400E2383A /* Frameworks */ = {
			isa = PBXFrameworksBuildPhase;
			buildActionMask = 2147483647;
			files = (
			);
			runOnlyForDeploymentPostprocessing = 0;
		};
/* End PBXFrameworksBuildPhase section */

/* Begin PBXGroup section */
		5836957F1FE5B37300E2383A = {
			isa = PBXGroup;
			children = (
				5836958A1FE5B37300E2383A /* NewProject */,
				5836959F1FE5B37400E2383A /* NewProjectTests */,
				583695AA1FE5B37400E2383A /* NewProjectUITests */,
				583695891FE5B37300E2383A /* Products */,
			);
			sourceTree = "<group>";
		};
		583695891FE5B37300E2383A /* Products */ = {
			isa = PBXGroup;
			children = (
				583695881FE5B37300E2383A /* NewProject.app */,
				5836959C1FE5B37400E2383A /* NewProjectTests.xctest */,
				583695A71FE5B37400E2383A /* NewProjectUITests.xctest */,
			);
			name = Products;
			sourceTree = "<group>";
		};
		5836958A1FE5B37300E2383A /* NewProject */ = {
			isa = PBXGroup;
			children = (
				5836958B1FE5B37300E2383A /* AppDelegate.swift */,
				5836958D1FE5B37400E2383A /* ViewController.swift */,
				5836958F1FE5B37400E2383A /* Main.storyboard */,
				583695921FE5B37400E2383A /* Assets.xcassets */,
				583695941FE5B37400E2383A /* LaunchScreen.storyboard */,
				583695971FE5B37400E2383A /* Info.plist */,
			);
			path = NewProject;
			sourceTree = "<group>";
		};
		5836959F1FE5B37400E2383A /* NewProjectTests */ = {
			isa = PBXGroup;
			children = (
				583695A01FE5B37400E2383A /* NewProjectTests.swift */,
				583695A21FE5B37400E2383A /* Info.plist */,
			);
			path = NewProjectTests;
			sourceTree = "<group>";
		};
		583695AA1FE5B37400E2383A /* NewProjectUITests */ = {
			isa = PBXGroup;
			children = (
				583695AB1FE5B37400E2383A /* NewProjectUITests.swift */,
				583695AD1FE5B37400E2383A /* Info.plist */,
			);
			path = NewProjectUITests;
			sourceTree = "<group>";
		};
/* End PBXGroup section */

/* Begin PBXNativeTarget section */
		583695871FE5B37300E2383A /* NewProject */ = {
			isa = PBXNativeTarget;
			buildConfigurationList = 583695B01FE5B37400E2383A /* Build configuration list for PBXNativeTarget "NewProject" */;
			buildPhases = (
				583695841FE5B37300E2383A /* Sources */,
				583695851FE5B37300E2383A /* Frameworks */,
				583695861FE5B37300E2383A /* Resources */,
			);
			buildRules = (
			);
			dependencies = (
			);
			name = NewProject;
			productName = NewProject;
			productReference = 583695881FE5B37300E2383A /* NewProject.app */;
			productType = "com.apple.product-type.application";
		};
		5836959B1FE5B37400E2383A /* NewProjectTests */ = {
			isa = PBXNativeTarget;
			buildConfigurationList = 583695B31FE5B37400E2383A /* Build configuration list for PBXNativeTarget "NewProjectTests" */;
			buildPhases = (
				583695981FE5B37400E2383A /* Sources */,
				583695991FE5B37400E2383A /* Frameworks */,
				5836959A1FE5B37400E2383A /* Resources */,
			);
			buildRules = (
			);
			dependencies = (
				5836959E1FE5B37400E2383A /* PBXTargetDependency */,
			);
			name = NewProjectTests;
			productName = NewProjectTests;
			productReference = 5836959C1FE5B37400E2383A /* NewProjectTests.xctest */;
			productType = "com.apple.product-type.bundle.unit-test";
		};
		583695A61FE5B37400E2383A /* NewProjectUITests */ = {
			isa = PBXNativeTarget;
			buildConfigurationList = 583695B61FE5B37400E2383A /* Build configuration list for PBXNativeTarget "NewProjectUITests" */;
			buildPhases = (
				583695A31FE5B37400E2383A /* Sources */,
				583695A41FE5B37400E2383A /* Frameworks */,
				583695A51FE5B37400E2383A /* Resources */,
			);
			buildRules = (
			);
			dependencies = (
				583695A91FE5B37400E2383A /* PBXTargetDependency */,
			);
			name = NewProjectUITests;
			productName = NewProjectUITests;
			productReference = 583695A71FE5B37400E2383A /* NewProjectUITests.xctest */;
			productType = "com.apple.product-type.bundle.ui-testing";
		};
/* End PBXNativeTarget section */

/* Begin PBXProject section */
		583695801FE5B37300E2383A /* Project object */ = {
			isa = PBXProject;
			attributes = {
				LastSwiftUpdateCheck = 0920;
				LastUpgradeCheck = 0920;
				ORGANIZATIONNAME = YC;
				TargetAttributes = {
					583695871FE5B37300E2383A = {
						CreatedOnToolsVersion = 9.2;
						ProvisioningStyle = Automatic;
					};
					5836959B1FE5B37400E2383A = {
						CreatedOnToolsVersion = 9.2;
						ProvisioningStyle = Automatic;
						TestTargetID = 583695871FE5B37300E2383A;
					};
					583695A61FE5B37400E2383A = {
						CreatedOnToolsVersion = 9.2;
						ProvisioningStyle = Automatic;
						TestTargetID = 583695871FE5B37300E2383A;
					};
				};
			};
			buildConfigurationList = 583695831FE5B37300E2383A /* Build configuration list for PBXProject "NewProject" */;
			compatibilityVersion = "Xcode 8.0";
			developmentRegion = en;
			hasScannedForEncodings = 0;
			knownRegions = (
				en,
				Base,
			);
			mainGroup = 5836957F1FE5B37300E2383A;
			productRefGroup = 583695891FE5B37300E2383A /* Products */;
			projectDirPath = "";
			projectRoot = "";
			targets = (
				583695871FE5B37300E2383A /* NewProject */,
				5836959B1FE5B37400E2383A /* NewProjectTests */,
				583695A61FE5B37400E2383A /* NewProjectUITests */,
			);
		};
/* End PBXProject section */

/* Begin PBXResourcesBuildPhase section */
		583695861FE5B37300E2383A /* Resources */ = {
			isa = PBXResourcesBuildPhase;
			buildActionMask = 2147483647;
			files = (
				583695961FE5B37400E2383A /* LaunchScreen.storyboard in Resources */,
				583695931FE5B37400E2383A /* Assets.xcassets in Resources */,
				583695911FE5B37400E2383A /* Main.storyboard in Resources */,
			);
			runOnlyForDeploymentPostprocessing = 0;
		};
		5836959A1FE5B37400E2383A /* Resources */ = {
			isa = PBXResourcesBuildPhase;
			buildActionMask = 2147483647;
			files = (
			);
			runOnlyForDeploymentPostprocessing = 0;
		};
		583695A51FE5B37400E2383A /* Resources */ = {
			isa = PBXResourcesBuildPhase;
			buildActionMask = 2147483647;
			files = (
			);
			runOnlyForDeploymentPostprocessing = 0;
		};
/* End PBXResourcesBuildPhase section */

/* Begin PBXSourcesBuildPhase section */
		583695841FE5B37300E2383A /* Sources */ = {
			isa = PBXSourcesBuildPhase;
			buildActionMask = 2147483647;
			files = (
				5836958E1FE5B37400E2383A /* ViewController.swift in Sources */,
				5836958C1FE5B37300E2383A /* AppDelegate.swift in Sources */,
			);
			runOnlyForDeploymentPostprocessing = 0;
		};
		583695981FE5B37400E2383A /* Sources */ = {
			isa = PBXSourcesBuildPhase;
			buildActionMask = 2147483647;
			files = (
				583695A11FE5B37400E2383A /* NewProjectTests.swift in Sources */,
			);
			runOnlyForDeploymentPostprocessing = 0;
		};
		583695A31FE5B37400E2383A /* Sources */ = {
			isa = PBXSourcesBuildPhase;
			buildActionMask = 2147483647;
			files = (
				583695AC1FE5B37400E2383A /* NewProjectUITests.swift in Sources */,
			);
			runOnlyForDeploymentPostprocessing = 0;
		};
/* End PBXSourcesBuildPhase section */

/* Begin PBXTargetDependency section */
		5836959E1FE5B37400E2383A /* PBXTargetDependency */ = {
			isa = PBXTargetDependency;
			target = 583695871FE5B37300E2383A /* NewProject */;
			targetProxy = 5836959D1FE5B37400E2383A /* PBXContainerItemProxy */;
		};
		583695A91FE5B37400E2383A /* PBXTargetDependency */ = {
			isa = PBXTargetDependency;
			target = 583695871FE5B37300E2383A /* NewProject */;
			targetProxy = 583695A81FE5B37400E2383A /* PBXContainerItemProxy */;
		};
/* End PBXTargetDependency section */

/* Begin PBXVariantGroup section */
		5836958F1FE5B37400E2383A /* Main.storyboard */ = {
			isa = PBXVariantGroup;
			children = (
				583695901FE5B37400E2383A /* Base */,
			);
			name = Main.storyboard;
			sourceTree = "<group>";
		};
		583695941FE5B37400E2383A /* LaunchScreen.storyboard */ = {
			isa = PBXVariantGroup;
			children = (
				583695951FE5B37400E2383A /* Base */,
			);
			name = LaunchScreen.storyboard;
			sourceTree = "<group>";
		};
/* End PBXVariantGroup section */

/* Begin XCBuildConfiguration section */
		583695AE1FE5B37400E2383A /* Debug */ = {
			isa = XCBuildConfiguration;
			buildSettings = {
				ALWAYS_SEARCH_USER_PATHS = NO;
				CLANG_ANALYZER_NONNULL = YES;
				CLANG_ANALYZER_NUMBER_OBJECT_CONVERSION = YES_AGGRESSIVE;
				CLANG_CXX_LANGUAGE_STANDARD = "gnu++14";
				CLANG_CXX_LIBRARY = "libc++";
				CLANG_ENABLE_MODULES = YES;
				CLANG_ENABLE_OBJC_ARC = YES;
				CLANG_WARN_BLOCK_CAPTURE_AUTORELEASING = YES;
				CLANG_WARN_BOOL_CONVERSION = YES;
				CLANG_WARN_COMMA = YES;
				CLANG_WARN_CONSTANT_CONVERSION = YES;
				CLANG_WARN_DIRECT_OBJC_ISA_USAGE = YES_ERROR;
				CLANG_WARN_DOCUMENTATION_COMMENTS = YES;
				CLANG_WARN_EMPTY_BODY = YES;
				CLANG_WARN_ENUM_CONVERSION = YES;
				CLANG_WARN_INFINITE_RECURSION = YES;
				CLANG_WARN_INT_CONVERSION = YES;
				CLANG_WARN_NON_LITERAL_NULL_CONVERSION = YES;
				CLANG_WARN_OBJC_LITERAL_CONVERSION = YES;
				CLANG_WARN_OBJC_ROOT_CLASS = YES_ERROR;
				CLANG_WARN_RANGE_LOOP_ANALYSIS = YES;
				CLANG_WARN_STRICT_PROTOTYPES = YES;
				CLANG_WARN_SUSPICIOUS_MOVE = YES;
				CLANG_WARN_UNGUARDED_AVAILABILITY = YES_AGGRESSIVE;
				CLANG_WARN_UNREACHABLE_CODE = YES;
				CLANG_WARN__DUPLICATE_METHOD_MATCH = YES;
				CODE_SIGN_IDENTITY = "iPhone Developer";
				COPY_PHASE_STRIP = NO;
				DEBUG_INFORMATION_FORMAT = dwarf;
				ENABLE_STRICT_OBJC_MSGSEND = YES;
				ENABLE_TESTABILITY = YES;
				GCC_C_LANGUAGE_STANDARD = gnu11;
				GCC_DYNAMIC_NO_PIC = NO;
				GCC_NO_COMMON_BLOCKS = YES;
				GCC_OPTIMIZATION_LEVEL = 0;
				GCC_PREPROCESSOR_DEFINITIONS = (
					"DEBUG=1",
					"$(inherited)",
				);
				GCC_WARN_64_TO_32_BIT_CONVERSION = YES;
				GCC_WARN_ABOUT_RETURN_TYPE = YES_ERROR;
				GCC_WARN_UNDECLARED_SELECTOR = YES;
				GCC_WARN_UNINITIALIZED_AUTOS = YES_AGGRESSIVE;
				GCC_WARN_UNUSED_FUNCTION = YES;
				GCC_WARN_UNUSED_VARIABLE = YES;
				IPHONEOS_DEPLOYMENT_TARGET = 11.2;
				MTL_ENABLE_DEBUG_INFO = YES;
				ONLY_ACTIVE_ARCH = YES;
				SDKROOT = iphoneos;
				SWIFT_ACTIVE_COMPILATION_CONDITIONS = DEBUG;
				SWIFT_OPTIMIZATION_LEVEL = "-Onone";
			};
			name = Debug;
		};
		583695AF1FE5B37400E2383A /* Release */ = {
			isa = XCBuildConfiguration;
			buildSettings = {
				ALWAYS_SEARCH_USER_PATHS = NO;
				CLANG_ANALYZER_NONNULL = YES;
				CLANG_ANALYZER_NUMBER_OBJECT_CONVERSION = YES_AGGRESSIVE;
				CLANG_CXX_LANGUAGE_STANDARD = "gnu++14";
				CLANG_CXX_LIBRARY = "libc++";
				CLANG_ENABLE_MODULES = YES;
				CLANG_ENABLE_OBJC_ARC = YES;
				CLANG_WARN_BLOCK_CAPTURE_AUTORELEASING = YES;
				CLANG_WARN_BOOL_CONVERSION = YES;
				CLANG_WARN_COMMA = YES;
				CLANG_WARN_CONSTANT_CONVERSION = YES;
				CLANG_WARN_DIRECT_OBJC_ISA_USAGE = YES_ERROR;
				CLANG_WARN_DOCUMENTATION_COMMENTS = YES;
				CLANG_WARN_EMPTY_BODY = YES;
				CLANG_WARN_ENUM_CONVERSION = YES;
				CLANG_WARN_INFINITE_RECURSION = YES;
				CLANG_WARN_INT_CONVERSION = YES;
				CLANG_WARN_NON_LITERAL_NULL_CONVERSION = YES;
				CLANG_WARN_OBJC_LITERAL_CONVERSION = YES;
				CLANG_WARN_OBJC_ROOT_CLASS = YES_ERROR;
				CLANG_WARN_RANGE_LOOP_ANALYSIS = YES;
				CLANG_WARN_STRICT_PROTOTYPES = YES;
				CLANG_WARN_SUSPICIOUS_MOVE = YES;
				CLANG_WARN_UNGUARDED_AVAILABILITY = YES_AGGRESSIVE;
				CLANG_WARN_UNREACHABLE_CODE = YES;
				CLANG_WARN__DUPLICATE_METHOD_MATCH = YES;
				CODE_SIGN_IDENTITY = "iPhone Developer";
				COPY_PHASE_STRIP = NO;
				DEBUG_INFORMATION_FORMAT = "dwarf-with-dsym";
				ENABLE_NS_ASSERTIONS = NO;
				ENABLE_STRICT_OBJC_MSGSEND = YES;
				GCC_C_LANGUAGE_STANDARD = gnu11;
				GCC_NO_COMMON_BLOCKS = YES;
				GCC_WARN_64_TO_32_BIT_CONVERSION = YES;
				GCC_WARN_ABOUT_RETURN_TYPE = YES_ERROR;
				GCC_WARN_UNDECLARED_SELECTOR = YES;
				GCC_WARN_UNINITIALIZED_AUTOS = YES_AGGRESSIVE;
				GCC_WARN_UNUSED_FUNCTION = YES;
				GCC_WARN_UNUSED_VARIABLE = YES;
				IPHONEOS_DEPLOYMENT_TARGET = 11.2;
				MTL_ENABLE_DEBUG_INFO = NO;
				SDKROOT = iphoneos;
				SWIFT_OPTIMIZATION_LEVEL = "-Owholemodule";
				VALIDATE_PRODUCT = YES;
			};
			name = Release;
		};
		583695B11FE5B37400E2383A /* Debug */ = {
			isa = XCBuildConfiguration;
			buildSettings = {
				ASSETCATALOG_COMPILER_APPICON_NAME = AppIcon;
				CODE_SIGN_STYLE = Automatic;
				INFOPLIST_FILE = NewProject/Info.plist;
				LD_RUNPATH_SEARCH_PATHS = "$(inherited) @executable_path/Frameworks";
				PRODUCT_BUNDLE_IDENTIFIER = yc.NewProject;
				PRODUCT_NAME = "$(TARGET_NAME)";
				SWIFT_VERSION = 4.0;
				TARGETED_DEVICE_FAMILY = "1,2";
			};
			name = Debug;
		};
		583695B21FE5B37400E2383A /* Release */ = {
			isa = XCBuildConfiguration;
			buildSettings = {
				ASSETCATALOG_COMPILER_APPICON_NAME = AppIcon;
				CODE_SIGN_STYLE = Automatic;
				INFOPLIST_FILE = NewProject/Info.plist;
				LD_RUNPATH_SEARCH_PATHS = "$(inherited) @executable_path/Frameworks";
				PRODUCT_BUNDLE_IDENTIFIER = yc.NewProject;
				PRODUCT_NAME = "$(TARGET_NAME)";
				SWIFT_VERSION = 4.0;
				TARGETED_DEVICE_FAMILY = "1,2";
			};
			name = Release;
		};
		583695B41FE5B37400E2383A /* Debug */ = {
			isa = XCBuildConfiguration;
			buildSettings = {
				ALWAYS_EMBED_SWIFT_STANDARD_LIBRARIES = YES;
				BUNDLE_LOADER = "$(TEST_HOST)";
				CODE_SIGN_STYLE = Automatic;
				INFOPLIST_FILE = NewProjectTests/Info.plist;
				LD_RUNPATH_SEARCH_PATHS = "$(inherited) @executable_path/Frameworks @loader_path/Frameworks";
				PRODUCT_BUNDLE_IDENTIFIER = yc.NewProjectTests;
				PRODUCT_NAME = "$(TARGET_NAME)";
				SWIFT_VERSION = 4.0;
				TARGETED_DEVICE_FAMILY = "1,2";
				TEST_HOST = "$(BUILT_PRODUCTS_DIR)/NewProject.app/NewProject";
			};
			name = Debug;
		};
		583695B51FE5B37400E2383A /* Release */ = {
			isa = XCBuildConfiguration;
			buildSettings = {
				ALWAYS_EMBED_SWIFT_STANDARD_LIBRARIES = YES;
				BUNDLE_LOADER = "$(TEST_HOST)";
				CODE_SIGN_STYLE = Automatic;
				INFOPLIST_FILE = NewProjectTests/Info.plist;
				LD_RUNPATH_SEARCH_PATHS = "$(inherited) @executable_path/Frameworks @loader_path/Frameworks";
				PRODUCT_BUNDLE_IDENTIFIER = yc.NewProjectTests;
				PRODUCT_NAME = "$(TARGET_NAME)";
				SWIFT_VERSION = 4.0;
				TARGETED_DEVICE_FAMILY = "1,2";
				TEST_HOST = "$(BUILT_PRODUCTS_DIR)/NewProject.app/NewProject";
			};
			name = Release;
		};
		583695B71FE5B37400E2383A /* Debug */ = {
			isa = XCBuildConfiguration;
			buildSettings = {
				ALWAYS_EMBED_SWIFT_STANDARD_LIBRARIES = YES;
				CODE_SIGN_STYLE = Automatic;
				INFOPLIST_FILE = NewProjectUITests/Info.plist;
				LD_RUNPATH_SEARCH_PATHS = "$(inherited) @executable_path/Frameworks @loader_path/Frameworks";
				PRODUCT_BUNDLE_IDENTIFIER = yc.NewProjectUITests;
				PRODUCT_NAME = "$(TARGET_NAME)";
				SWIFT_VERSION = 4.0;
				TARGETED_DEVICE_FAMILY = "1,2";
				TEST_TARGET_NAME = NewProject;
			};
			name = Debug;
		};
		583695B81FE5B37400E2383A /* Release */ = {
			isa = XCBuildConfiguration;
			buildSettings = {
				ALWAYS_EMBED_SWIFT_STANDARD_LIBRARIES = YES;
				CODE_SIGN_STYLE = Automatic;
				INFOPLIST_FILE = NewProjectUITests/Info.plist;
				LD_RUNPATH_SEARCH_PATHS = "$(inherited) @executable_path/Frameworks @loader_path/Frameworks";
				PRODUCT_BUNDLE_IDENTIFIER = yc.NewProjectUITests;
				PRODUCT_NAME = "$(TARGET_NAME)";
				SWIFT_VERSION = 4.0;
				TARGETED_DEVICE_FAMILY = "1,2";
				TEST_TARGET_NAME = NewProject;
			};
			name = Release;
		};
/* End XCBuildConfiguration section */

/* Begin XCConfigurationList section */
		583695831FE5B37300E2383A /* Build configuration list for PBXProject "NewProject" */ = {
			isa = XCConfigurationList;
			buildConfigurations = (
				583695AE1FE5B37400E2383A /* Debug */,
				583695AF1FE5B37400E2383A /* Release */,
			);
			defaultConfigurationIsVisible = 0;
			defaultConfigurationName = Release;
		};
		583695B01FE5B37400E2383A /* Build configuration list for PBXNativeTarget "NewProject" */ = {
			isa = XCConfigurationList;
			buildConfigurations = (
				583695B11FE5B37400E2383A /* Debug */,
				583695B21FE5B37400E2383A /* Release */,
			);
			defaultConfigurationIsVisible = 0;
			defaultConfigurationName = Release;
		};
		583695B31FE5B37400E2383A /* Build configuration list for PBXNativeTarget "NewProjectTests" */ = {
			isa = XCConfigurationList;
			buildConfigurations = (
				583695B41FE5B37400E2383A /* Debug */,
				583695B51FE5B37400E2383A /* Release */,
			);
			defaultConfigurationIsVisible = 0;
			defaultConfigurationName = Release;
		};
		583695B61FE5B37400E2383A /* Build configuration list for PBXNativeTarget "NewProjectUITests" */ = {
			isa = XCConfigurationList;
			buildConfigurations = (
				583695B71FE5B37400E2383A /* Debug */,
				583695B81FE5B37400E2383A /* Release */,
			);
			defaultConfigurationIsVisible = 0;
			defaultConfigurationName = Release;
		};
/* End XCConfigurationList section */
	};
	rootObject = 583695801FE5B37300E2383A /* Project object */;
}
